
Microsoft Visual Studio Solution File, Format Version 12.00
# Visual Studio 2012
Project("{FAE04EC0-301F-11D3-BF4B-00C04F79EFBC}") = "InfiniteCycleViewPager", "InfiniteCycleViewPager\InfiniteCycleViewPager.csproj", "{FF7ECDD1-FD2B-4016-9813-07F656BE94CA}"
EndProject
Project("{FAE04EC0-301F-11D3-BF4B-00C04F79EFBC}") = "InfiniteCycleViewPager.Sample", "InfiniteCycleViewPager.Sample\InfiniteCycleViewPager.Sample.csproj", "{0330C6EB-35D9-4DC9-B80F-E1D33EDAA04C}"
EndProject
Global
	GlobalSection(SolutionConfigurationPlatforms) = preSolution
		Debug|Any CPU = Debug|Any CPU
		Release|Any CPU = Release|Any CPU
	EndGlobalSection
	GlobalSection(ProjectConfigurationPlatforms) = postSolution
		{FF7ECDD1-FD2B-4016-9813-07F656BE94CA}.Debug|Any CPU.ActiveCfg = Debug|Any CPU
		{FF7ECDD1-FD2B-4016-9813-07F656BE94CA}.Debug|Any CPU.Build.0 = Debug|Any CPU
		{FF7ECDD1-FD2B-4016-9813-07F656BE94CA}.Release|Any CPU.ActiveCfg = Release|Any CPU
		{FF7ECDD1-FD2B-4016-9813-07F656BE94CA}.Release|Any CPU.Build.0 = Release|Any CPU
		{0330C6EB-35D9-4DC9-B80F-E1D33EDAA04C}.Debug|Any CPU.ActiveCfg = Debug|Any CPU
		{0330C6EB-35D9-4DC9-B80F-E1D33EDAA04C}.Debug|Any CPU.Build.0 = Debug|Any CPU
		{0330C6EB-35D9-4DC9-B80F-E1D33EDAA04C}.Release|Any CPU.ActiveCfg = Release|Any CPU
		{0330C6EB-35D9-4DC9-B80F-E1D33EDAA04C}.Release|Any CPU.Build.0 = Release|Any CPU
	EndGlobalSection
EndGlobal
